# This file is autogenerated, do not edit; changes may be undone by the next 'dep ensure'.


[[projects]]
  branch = "master"
  name = "github.com/SSSaaS/sssa-golang"
  packages = ["."]
  revision = "d37d7782d75282e29cd0a208511f339bfc7eccb0"

[solve-meta]
  analyzer-name = "dep"
  analyzer-version = 1
  inputs-digest = "1c580af1dd05465ce5fb70df9a29d9b7e4ba20ca20bf49edb1e28c244ad64666"
  solver-name = "gps-cdcl"
  solver-version = 1
